// !$*UTF8*$!
{
	archiveVersion = 1;
	classes = {
	};
	objectVersion = 48;
	objects = {

/* Begin PBXBuildFile section */
		84AA3F101FBD476D001CA254 /* AppDelegate.swift in Sources */ = {isa = PBXBuildFile; fileRef = 84AA3F0F1FBD476D001CA254 /* AppDelegate.swift */; };
		84AA3F121FBD476D001CA254 /* ViewController.swift in Sources */ = {isa = PBXBuildFile; fileRef = 84AA3F111FBD476D001CA254 /* ViewController.swift */; };
		84AA3F141FBD476D001CA254 /* Assets.xcassets in Resources */ = {isa = PBXBuildFile; fileRef = 84AA3F131FBD476D001CA254 /* Assets.xcassets */; };
		84AA3F171FBD476D001CA254 /* Main.storyboard in Resources */ = {isa = PBXBuildFile; fileRef = 84AA3F151FBD476D001CA254 /* Main.storyboard */; };
/* End PBXBuildFile section */

/* Begin PBXFileReference section */
		84AA3F0C1FBD476D001CA254 /* WatchDoggieEmulator.app */ = {isa = PBXFileReference; explicitFileType = wrapper.application; includeInIndex = 0; path = WatchDoggieEmulator.app; sourceTree = BUILT_PRODUCTS_DIR; };
		84AA3F0F1FBD476D001CA254 /* AppDelegate.swift */ = {isa = PBXFileReference; lastKnownFileType = sourcecode.swift; path = AppDelegate.swift; sourceTree = "<group>"; };
		84AA3F111FBD476D001CA254 /* ViewController.swift */ = {isa = PBXFileReference; lastKnownFileType = sourcecode.swift; path = ViewController.swift; sourceTree = "<group>"; };
		84AA3F131FBD476D001CA254 /* Assets.xcassets */ = {isa = PBXFileReference; lastKnownFileType = folder.assetcatalog; path = Assets.xcassets; sourceTree = "<group>"; };
		84AA3F161FBD476D001CA254 /* Base */ = {isa = PBXFileReference; lastKnownFileType = file.storyboard; name = Base; path = Base.lproj/Main.storyboard; sourceTree = "<group>"; };
		84AA3F181FBD476D001CA254 /* Info.plist */ = {isa = PBXFileReference; lastKnownFileType = text.plist.xml; path = Info.plist; sourceTree = "<group>"; };
		84AA3F191FBD476D001CA254 /* WatchDoggieEmulator.entitlements */ = {isa = PBXFileReference; lastKnownFileType = text.plist.entitlements; path = WatchDoggieEmulator.entitlements; sourceTree = "<group>"; };
/* End PBXFileReference section */

/* Begin PBXFrameworksBuildPhase section */
		84AA3F091FBD476D001CA254 /* Frameworks */ = {
			isa = PBXFrameworksBuildPhase;
			buildActionMask = 2147483647;
			files = (
			);
			runOnlyForDeploymentPostprocessing = 0;
		};
/* End PBXFrameworksBuildPhase section */

/* Begin PBXGroup section */
		84AA3F031FBD476D001CA254 = {
			isa = PBXGroup;
			children = (
				84AA3F0E1FBD476D001CA254 /* WatchDoggieEmulator */,
				84AA3F0D1FBD476D001CA254 /* Products */,
			);
			sourceTree = "<group>";
		};
		84AA3F0D1FBD476D001CA254 /* Products */ = {
			isa = PBXGroup;
			children = (
				84AA3F0C1FBD476D001CA254 /* WatchDoggieEmulator.app */,
			);
			name = Products;
			sourceTree = "<group>";
		};
		84AA3F0E1FBD476D001CA254 /* WatchDoggieEmulator */ = {
			isa = PBXGroup;
			children = (
				84AA3F0F1FBD476D001CA254 /* AppDelegate.swift */,
				84AA3F111FBD476D001CA254 /* ViewController.swift */,
				84AA3F131FBD476D001CA254 /* Assets.xcassets */,
				84AA3F151FBD476D001CA254 /* Main.storyboard */,
				84AA3F181FBD476D001CA254 /* Info.plist */,
				84AA3F191FBD476D001CA254 /* WatchDoggieEmulator.entitlements */,
			);
			path = WatchDoggieEmulator;
			sourceTree = "<group>";
		};
/* End PBXGroup section */

/* Begin PBXNativeTarget section */
		84AA3F0B1FBD476D001CA254 /* WatchDoggieEmulator */ = {
			isa = PBXNativeTarget;
			buildConfigurationList = 84AA3F1C1FBD476D001CA254 /* Build configuration list for PBXNativeTarget "WatchDoggieEmulator" */;
			buildPhases = (
				84AA3F081FBD476D001CA254 /* Sources */,
				84AA3F091FBD476D001CA254 /* Frameworks */,
				84AA3F0A1FBD476D001CA254 /* Resources */,
			);
			buildRules = (
			);
			dependencies = (
			);
			name = WatchDoggieEmulator;
			productName = WatchDoggieEmulator;
			productReference = 84AA3F0C1FBD476D001CA254 /* WatchDoggieEmulator.app */;
			productType = "com.apple.product-type.application";
		};
/* End PBXNativeTarget section */

/* Begin PBXProject section */
		84AA3F041FBD476D001CA254 /* Project object */ = {
			isa = PBXProject;
			attributes = {
				LastSwiftUpdateCheck = 0910;
				LastUpgradeCheck = 0910;
				ORGANIZATIONNAME = "Maxim Inc.";
				TargetAttributes = {
					84AA3F0B1FBD476D001CA254 = {
						CreatedOnToolsVersion = 9.1;
						ProvisioningStyle = Automatic;
					};
				};
			};
			buildConfigurationList = 84AA3F071FBD476D001CA254 /* Build configuration list for PBXProject "WatchDoggieEmulator" */;
			compatibilityVersion = "Xcode 8.0";
			developmentRegion = en;
			hasScannedForEncodings = 0;
			knownRegions = (
				en,
				Base,
			);
			mainGroup = 84AA3F031FBD476D001CA254;
			productRefGroup = 84AA3F0D1FBD476D001CA254 /* Products */;
			projectDirPath = "";
			projectRoot = "";
			targets = (
				84AA3F0B1FBD476D001CA254 /* WatchDoggieEmulator */,
			);
		};
/* End PBXProject section */

/* Begin PBXResourcesBuildPhase section */
		84AA3F0A1FBD476D001CA254 /* Resources */ = {
			isa = PBXResourcesBuildPhase;
			buildActionMask = 2147483647;
			files = (
				84AA3F141FBD476D001CA254 /* Assets.xcassets in Resources */,
				84AA3F171FBD476D001CA254 /* Main.storyboard in Resources */,
			);
			runOnlyForDeploymentPostprocessing = 0;
		};
/* End PBXResourcesBuildPhase section */

/* Begin PBXSourcesBuildPhase section */
		84AA3F081FBD476D001CA254 /* Sources */ = {
			isa = PBXSourcesBuildPhase;
			buildActionMask = 2147483647;
			files = (
				84AA3F121FBD476D001CA254 /* ViewController.swift in Sources */,
				84AA3F101FBD476D001CA254 /* AppDelegate.swift in Sources */,
			);
			runOnlyForDeploymentPostprocessing = 0;
		};
/* End PBXSourcesBuildPhase section */

/* Begin PBXVariantGroup section */
		84AA3F151FBD476D001CA254 /* Main.storyboard */ = {
			isa = PBXVariantGroup;
			children = (
				84AA3F161FBD476D001CA254 /* Base */,
			);
			name = Main.storyboard;
			sourceTree = "<group>";
		};
/* End PBXVariantGroup section */

/* Begin XCBuildConfiguration section */
		84AA3F1A1FBD476D001CA254 /* Debug */ = {
			isa = XCBuildConfiguration;
			buildSettings = {
				ALWAYS_SEARCH_USER_PATHS = NO;
				CLANG_ANALYZER_NONNULL = YES;
				CLANG_ANALYZER_NUMBER_OBJECT_CONVERSION = YES_AGGRESSIVE;
				CLANG_CXX_LANGUAGE_STANDARD = "gnu++14";
				CLANG_CXX_LIBRARY = "libc++";
				CLANG_ENABLE_MODULES = YES;
				CLANG_ENABLE_OBJC_ARC = YES;
				CLANG_WARN_BLOCK_CAPTURE_AUTORELEASING = YES;
				CLANG_WARN_BOOL_CONVERSION = YES;
				CLANG_WARN_COMMA = YES;
				CLANG_WARN_CONSTANT_CONVERSION = YES;
				CLANG_WARN_DIRECT_OBJC_ISA_USAGE = YES_ERROR;
				CLANG_WARN_DOCUMENTATION_COMMENTS = YES;
				CLANG_WARN_EMPTY_BODY = YES;
				CLANG_WARN_ENUM_CONVERSION = YES;
				CLANG_WARN_INFINITE_RECURSION = YES;
				CLANG_WARN_INT_CONVERSION = YES;
				CLANG_WARN_NON_LITERAL_NULL_CONVERSION = YES;
				CLANG_WARN_OBJC_LITERAL_CONVERSION = YES;
				CLANG_WARN_OBJC_ROOT_CLASS = YES_ERROR;
				CLANG_WARN_RANGE_LOOP_ANALYSIS = YES;
				CLANG_WARN_STRICT_PROTOTYPES = YES;
				CLANG_WARN_SUSPICIOUS_MOVE = YES;
				CLANG_WARN_UNGUARDED_AVAILABILITY = YES_AGGRESSIVE;
				CLANG_WARN_UNREACHABLE_CODE = YES;
				CLANG_WARN__DUPLICATE_METHOD_MATCH = YES;
				CODE_SIGN_IDENTITY = "Mac Developer";
				COPY_PHASE_STRIP = NO;
				DEBUG_INFORMATION_FORMAT = dwarf;
				ENABLE_STRICT_OBJC_MSGSEND = YES;
				ENABLE_TESTABILITY = YES;
				GCC_C_LANGUAGE_STANDARD = gnu11;
				GCC_DYNAMIC_NO_PIC = NO;
				GCC_NO_COMMON_BLOCKS = YES;
				GCC_OPTIMIZATION_LEVEL = 0;
				GCC_PREPROCESSOR_DEFINITIONS = (
					"DEBUG=1",
					"$(inherited)",
				);
				GCC_WARN_64_TO_32_BIT_CONVERSION = YES;
				GCC_WARN_ABOUT_RETURN_TYPE = YES_ERROR;
				GCC_WARN_UNDECLARED_SELECTOR = YES;
				GCC_WARN_UNINITIALIZED_AUTOS = YES_AGGRESSIVE;
				GCC_WARN_UNUSED_FUNCTION = YES;
				GCC_WARN_UNUSED_VARIABLE = YES;
				MACOSX_DEPLOYMENT_TARGET = 10.12;
				MTL_ENABLE_DEBUG_INFO = YES;
				ONLY_ACTIVE_ARCH = YES;
				SDKROOT = macosx;
				SWIFT_ACTIVE_COMPILATION_CONDITIONS = DEBUG;
				SWIFT_OPTIMIZATION_LEVEL = "-Onone";
			};
			name = Debug;
		};
		84AA3F1B1FBD476D001CA254 /* Release */ = {
			isa = XCBuildConfiguration;
			buildSettings = {
				ALWAYS_SEARCH_USER_PATHS = NO;
				CLANG_ANALYZER_NONNULL = YES;
				CLANG_ANALYZER_NUMBER_OBJECT_CONVERSION = YES_AGGRESSIVE;
				CLANG_CXX_LANGUAGE_STANDARD = "gnu++14";
				CLANG_CXX_LIBRARY = "libc++";
				CLANG_ENABLE_MODULES = YES;
				CLANG_ENABLE_OBJC_ARC = YES;
				CLANG_WARN_BLOCK_CAPTURE_AUTORELEASING = YES;
				CLANG_WARN_BOOL_CONVERSION = YES;
				CLANG_WARN_COMMA = YES;
				CLANG_WARN_CONSTANT_CONVERSION = YES;
				CLANG_WARN_DIRECT_OBJC_ISA_USAGE = YES_ERROR;
				CLANG_WARN_DOCUMENTATION_COMMENTS = YES;
				CLANG_WARN_EMPTY_BODY = YES;
				CLANG_WARN_ENUM_CONVERSION = YES;
				CLANG_WARN_INFINITE_RECURSION = YES;
				CLANG_WARN_INT_CONVERSION = YES;
				CLANG_WARN_NON_LITERAL_NULL_CONVERSION = YES;
				CLANG_WARN_OBJC_LITERAL_CONVERSION = YES;
				CLANG_WARN_OBJC_ROOT_CLASS = YES_ERROR;
				CLANG_WARN_RANGE_LOOP_ANALYSIS = YES;
				CLANG_WARN_STRICT_PROTOTYPES = YES;
				CLANG_WARN_SUSPICIOUS_MOVE = YES;
				CLANG_WARN_UNGUARDED_AVAILABILITY = YES_AGGRESSIVE;
				CLANG_WARN_UNREACHABLE_CODE = YES;
				CLANG_WARN__DUPLICATE_METHOD_MATCH = YES;
				CODE_SIGN_IDENTITY = "Mac Developer";
				COPY_PHASE_STRIP = NO;
				DEBUG_INFORMATION_FORMAT = "dwarf-with-dsym";
				ENABLE_NS_ASSERTIONS = NO;
				ENABLE_STRICT_OBJC_MSGSEND = YES;
				GCC_C_LANGUAGE_STANDARD = gnu11;
				GCC_NO_COMMON_BLOCKS = YES;
				GCC_WARN_64_TO_32_BIT_CONVERSION = YES;
				GCC_WARN_ABOUT_RETURN_TYPE = YES_ERROR;
				GCC_WARN_UNDECLARED_SELECTOR = YES;
				GCC_WARN_UNINITIALIZED_AUTOS = YES_AGGRESSIVE;
				GCC_WARN_UNUSED_FUNCTION = YES;
				GCC_WARN_UNUSED_VARIABLE = YES;
				MACOSX_DEPLOYMENT_TARGET = 10.12;
				MTL_ENABLE_DEBUG_INFO = NO;
				SDKROOT = macosx;
				SWIFT_OPTIMIZATION_LEVEL = "-Owholemodule";
			};
			name = Release;
		};
		84AA3F1D1FBD476D001CA254 /* Debug */ = {
			isa = XCBuildConfiguration;
			buildSettings = {
				ASSETCATALOG_COMPILER_APPICON_NAME = AppIcon;
				CODE_SIGN_ENTITLEMENTS = WatchDoggieEmulator/WatchDoggieEmulator.entitlements;
				CODE_SIGN_STYLE = Automatic;
				COMBINE_HIDPI_IMAGES = YES;
				DEVELOPMENT_TEAM = M55FAF5M95;
				INFOPLIST_FILE = WatchDoggieEmulator/Info.plist;
				LD_RUNPATH_SEARCH_PATHS = "$(inherited) @executable_path/../Frameworks";
				PRODUCT_BUNDLE_IDENTIFIER = com.maxim.company.WatchDoggieEmulator;
				PRODUCT_NAME = "$(TARGET_NAME)";
				SWIFT_VERSION = 4.0;
			};
			name = Debug;
		};
		84AA3F1E1FBD476D001CA254 /* Release */ = {
			isa = XCBuildConfiguration;
			buildSettings = {
				ASSETCATALOG_COMPILER_APPICON_NAME = AppIcon;
				CODE_SIGN_ENTITLEMENTS = WatchDoggieEmulator/WatchDoggieEmulator.entitlements;
				CODE_SIGN_STYLE = Automatic;
				COMBINE_HIDPI_IMAGES = YES;
				DEVELOPMENT_TEAM = M55FAF5M95;
				INFOPLIST_FILE = WatchDoggieEmulator/Info.plist;
				LD_RUNPATH_SEARCH_PATHS = "$(inherited) @executable_path/../Frameworks";
				PRODUCT_BUNDLE_IDENTIFIER = com.maxim.company.WatchDoggieEmulator;
				PRODUCT_NAME = "$(TARGET_NAME)";
				SWIFT_VERSION = 4.0;
			};
			name = Release;
		};
/* End XCBuildConfiguration section */

/* Begin XCConfigurationList section */
		84AA3F071FBD476D001CA254 /* Build configuration list for PBXProject "WatchDoggieEmulator" */ = {
			isa = XCConfigurationList;
			buildConfigurations = (
				84AA3F1A1FBD476D001CA254 /* Debug */,
				84AA3F1B1FBD476D001CA254 /* Release */,
			);
			defaultConfigurationIsVisible = 0;
			defaultConfigurationName = Release;
		};
		84AA3F1C1FBD476D001CA254 /* Build configuration list for PBXNativeTarget "WatchDoggieEmulator" */ = {
			isa = XCConfigurationList;
			buildConfigurations = (
				84AA3F1D1FBD476D001CA254 /* Debug */,
				84AA3F1E1FBD476D001CA254 /* Release */,
			);
			defaultConfigurationIsVisible = 0;
			defaultConfigurationName = Release;
		};
/* End XCConfigurationList section */
	};
	rootObject = 84AA3F041FBD476D001CA254 /* Project object */;
}
